
Microsoft Visual Studio Solution File, Format Version 12.00
# Visual Studio Version 16
VisualStudioVersion = 16.0.30717.126
MinimumVisualStudioVersion = 10.0.40219.1
Project("{8BC9CEB8-8B4A-11D0-8D11-00A0C91BC942}") = "BinarySpandingTrer", "BinarySpandingTrer\BinarySpandingTrer.vcxproj", "{B8F5E456-6D0B-4DE1-9309-6539006078AA}"
EndProject
Global
	GlobalSection(SolutionConfigurationPlatforms) = preSolution
		Debug|x64 = Debug|x64
		Debug|x86 = Debug|x86
		Release|x64 = Release|x64
		Release|x86 = Release|x86
	EndGlobalSection
	GlobalSection(ProjectConfigurationPlatforms) = postSolution
		{B8F5E456-6D0B-4DE1-9309-6539006078AA}.Debug|x64.ActiveCfg = Debug|x64
		{B8F5E456-6D0B-4DE1-9309-6539006078AA}.Debug|x64.Build.0 = Debug|x64
		{B8F5E456-6D0B-4DE1-9309-6539006078AA}.Debug|x86.ActiveCfg = Debug|Win32
		{B8F5E456-6D0B-4DE1-9309-6539006078AA}.Debug|x86.Build.0 = Debug|Win32
		{B8F5E456-6D0B-4DE1-9309-6539006078AA}.Release|x64.ActiveCfg = Release|x64
		{B8F5E456-6D0B-4DE1-9309-6539006078AA}.Release|x64.Build.0 = Release|x64
		{B8F5E456-6D0B-4DE1-9309-6539006078AA}.Release|x86.ActiveCfg = Release|Win32
		{B8F5E456-6D0B-4DE1-9309-6539006078AA}.Release|x86.Build.0 = Release|Win32
	EndGlobalSection
	GlobalSection(SolutionProperties) = preSolution
		HideSolutionNode = FALSE
	EndGlobalSection
	GlobalSection(ExtensibilityGlobals) = postSolution
		SolutionGuid = {928B0BC7-C8E0-4CF3-87ED-890A552EE01E}
	EndGlobalSection
EndGlobal
